
Microsoft Visual Studio Solution File, Format Version 12.00
# Visual Studio Version 16
VisualStudioVersion = 16.0.30711.63
MinimumVisualStudioVersion = 10.0.40219.1
Project("{FAE04EC0-301F-11D3-BF4B-00C04F79EFBC}") = "RtDiagnostic", "RtDiagnostic\RtDiagnostic.csproj", "{562AF82C-2057-489F-A668-4B193B08D2A8}"
EndProject
Global
	GlobalSection(SolutionConfigurationPlatforms) = preSolution
		Debug|Any CPU = Debug|Any CPU
		Release|Any CPU = Release|Any CPU
	EndGlobalSection
	GlobalSection(ProjectConfigurationPlatforms) = postSolution
		{562AF82C-2057-489F-A668-4B193B08D2A8}.Debug|Any CPU.ActiveCfg = Debug|Any CPU
		{562AF82C-2057-489F-A668-4B193B08D2A8}.Debug|Any CPU.Build.0 = Debug|Any CPU
		{562AF82C-2057-489F-A668-4B193B08D2A8}.Release|Any CPU.ActiveCfg = Release|Any CPU
		{562AF82C-2057-489F-A668-4B193B08D2A8}.Release|Any CPU.Build.0 = Release|Any CPU
	EndGlobalSection
	GlobalSection(SolutionProperties) = preSolution
		HideSolutionNode = FALSE
	EndGlobalSection
	GlobalSection(ExtensibilityGlobals) = postSolution
		SolutionGuid = {33F97ECA-8A9A-464A-A23C-28643E407651}
	EndGlobalSection
EndGlobal
